
Microsoft Visual Studio Solution File, Format Version 12.00
# Visual Studio 15
VisualStudioVersion = 15.0.28010.2046
MinimumVisualStudioVersion = 10.0.40219.1
Project("{FAE04EC0-301F-11D3-BF4B-00C04F79EFBC}") = "DLLInstaller", "DLLInstaller\DLLInstaller.csproj", "{19061BB7-442D-40DF-AC6A-53AD2B29456C}"
EndProject
Global
	GlobalSection(SolutionConfigurationPlatforms) = preSolution
		Debug|Any CPU = Debug|Any CPU
		Release|Any CPU = Release|Any CPU
	EndGlobalSection
	GlobalSection(ProjectConfigurationPlatforms) = postSolution
		{19061BB7-442D-40DF-AC6A-53AD2B29456C}.Debug|Any CPU.ActiveCfg = Debug|Any CPU
		{19061BB7-442D-40DF-AC6A-53AD2B29456C}.Debug|Any CPU.Build.0 = Debug|Any CPU
		{19061BB7-442D-40DF-AC6A-53AD2B29456C}.Release|Any CPU.ActiveCfg = Release|Any CPU
		{19061BB7-442D-40DF-AC6A-53AD2B29456C}.Release|Any CPU.Build.0 = Release|Any CPU
	EndGlobalSection
	GlobalSection(SolutionProperties) = preSolution
		HideSolutionNode = FALSE
	EndGlobalSection
	GlobalSection(ExtensibilityGlobals) = postSolution
		SolutionGuid = {4AAC4761-6AFB-4D36-BCFB-71FA90034101}
	EndGlobalSection
EndGlobal
